
Microsoft Visual Studio Solution File, Format Version 12.00
# Visual Studio Version 17
VisualStudioVersion = 17.0.31903.59
MinimumVisualStudioVersion = 10.0.40219.1
Project("{FAE04EC0-301F-11D3-BF4B-00C04F79EFBC}") = "Aula01", "Aula01\Aula01.csproj", "{671C4B69-83CD-4322-BB93-E09A370A9D44}"
EndProject
Project("{2150E333-8FDC-42A3-9474-1A3956D46DE8}") = "Aula03", "Aula03", "{C68D12CE-9C95-4F22-BF0B-E04ACC560D2F}"
EndProject
Project("{FAE04EC0-301F-11D3-BF4B-00C04F79EFBC}") = "SistemaGestao", "Aula03\SistemaGestao\SistemaGestao.csproj", "{E759C759-04FB-47DC-ADF7-5DC042F33385}"
EndProject
Project("{2150E333-8FDC-42A3-9474-1A3956D46DE8}") = "Aula04", "Aula04", "{1F02262E-4559-4507-8225-0902C936D78A}"
EndProject
Project("{FAE04EC0-301F-11D3-BF4B-00C04F79EFBC}") = "ConsoleAppAula04", "Aula04\ConsoleAppAula04\ConsoleAppAula04.csproj", "{8F18D550-0C24-42B4-818B-A55BEFC10673}"
EndProject
Global
	GlobalSection(SolutionConfigurationPlatforms) = preSolution
		Debug|Any CPU = Debug|Any CPU
		Release|Any CPU = Release|Any CPU
	EndGlobalSection
	GlobalSection(SolutionProperties) = preSolution
		HideSolutionNode = FALSE
	EndGlobalSection
	GlobalSection(ProjectConfigurationPlatforms) = postSolution
		{671C4B69-83CD-4322-BB93-E09A370A9D44}.Debug|Any CPU.ActiveCfg = Debug|Any CPU
		{671C4B69-83CD-4322-BB93-E09A370A9D44}.Debug|Any CPU.Build.0 = Debug|Any CPU
		{671C4B69-83CD-4322-BB93-E09A370A9D44}.Release|Any CPU.ActiveCfg = Release|Any CPU
		{671C4B69-83CD-4322-BB93-E09A370A9D44}.Release|Any CPU.Build.0 = Release|Any CPU
		{E759C759-04FB-47DC-ADF7-5DC042F33385}.Debug|Any CPU.ActiveCfg = Debug|Any CPU
		{E759C759-04FB-47DC-ADF7-5DC042F33385}.Debug|Any CPU.Build.0 = Debug|Any CPU
		{E759C759-04FB-47DC-ADF7-5DC042F33385}.Release|Any CPU.ActiveCfg = Release|Any CPU
		{E759C759-04FB-47DC-ADF7-5DC042F33385}.Release|Any CPU.Build.0 = Release|Any CPU
		{8F18D550-0C24-42B4-818B-A55BEFC10673}.Debug|Any CPU.ActiveCfg = Debug|Any CPU
		{8F18D550-0C24-42B4-818B-A55BEFC10673}.Debug|Any CPU.Build.0 = Debug|Any CPU
		{8F18D550-0C24-42B4-818B-A55BEFC10673}.Release|Any CPU.ActiveCfg = Release|Any CPU
		{8F18D550-0C24-42B4-818B-A55BEFC10673}.Release|Any CPU.Build.0 = Release|Any CPU
	EndGlobalSection
	GlobalSection(NestedProjects) = preSolution
		{E759C759-04FB-47DC-ADF7-5DC042F33385} = {C68D12CE-9C95-4F22-BF0B-E04ACC560D2F}
		{8F18D550-0C24-42B4-818B-A55BEFC10673} = {1F02262E-4559-4507-8225-0902C936D78A}
	EndGlobalSection
EndGlobal
